// !$*UTF8*$!
{
	archiveVersion = 1;
	classes = {
	};
	objectVersion = 55;
	objects = {

/* Begin PBXBuildFile section */
		0466372D27CD4F23003D5738 /* AppDelegate.swift in Sources */ = {isa = PBXBuildFile; fileRef = 0466372C27CD4F23003D5738 /* AppDelegate.swift */; };
		0466372F27CD4F23003D5738 /* SceneDelegate.swift in Sources */ = {isa = PBXBuildFile; fileRef = 0466372E27CD4F23003D5738 /* SceneDelegate.swift */; };
		0466373627CD4F24003D5738 /* Assets.xcassets in Resources */ = {isa = PBXBuildFile; fileRef = 0466373527CD4F24003D5738 /* Assets.xcassets */; };
		0466373927CD4F24003D5738 /* LaunchScreen.storyboard in Resources */ = {isa = PBXBuildFile; fileRef = 0466373727CD4F24003D5738 /* LaunchScreen.storyboard */; };
		0466374127CD502B003D5738 /* HomeViewController.swift in Sources */ = {isa = PBXBuildFile; fileRef = 0466374027CD502B003D5738 /* HomeViewController.swift */; };
		0478029327CD7154006FA8EF /* MainViewController.swift in Sources */ = {isa = PBXBuildFile; fileRef = 0478029227CD7154006FA8EF /* MainViewController.swift */; };
		0478029727CD7BD6006FA8EF /* SearchViewController.swift in Sources */ = {isa = PBXBuildFile; fileRef = 0478029627CD7BD6006FA8EF /* SearchViewController.swift */; };
		0478029927CD7BE1006FA8EF /* InfoViewController.swift in Sources */ = {isa = PBXBuildFile; fileRef = 0478029827CD7BE1006FA8EF /* InfoViewController.swift */; };
		0478029F27CD8F22006FA8EF /* Movie.swift in Sources */ = {isa = PBXBuildFile; fileRef = 0478029E27CD8F22006FA8EF /* Movie.swift */; };
/* End PBXBuildFile section */

/* Begin PBXFileReference section */
		0466372927CD4F23003D5738 /* MoviePreviewApp.app */ = {isa = PBXFileReference; explicitFileType = wrapper.application; includeInIndex = 0; path = MoviePreviewApp.app; sourceTree = BUILT_PRODUCTS_DIR; };
		0466372C27CD4F23003D5738 /* AppDelegate.swift */ = {isa = PBXFileReference; lastKnownFileType = sourcecode.swift; path = AppDelegate.swift; sourceTree = "<group>"; };
		0466372E27CD4F23003D5738 /* SceneDelegate.swift */ = {isa = PBXFileReference; lastKnownFileType = sourcecode.swift; path = SceneDelegate.swift; sourceTree = "<group>"; };
		0466373527CD4F24003D5738 /* Assets.xcassets */ = {isa = PBXFileReference; lastKnownFileType = folder.assetcatalog; path = Assets.xcassets; sourceTree = "<group>"; };
		0466373827CD4F24003D5738 /* Base */ = {isa = PBXFileReference; lastKnownFileType = file.storyboard; name = Base; path = Base.lproj/LaunchScreen.storyboard; sourceTree = "<group>"; };
		0466373A27CD4F24003D5738 /* Info.plist */ = {isa = PBXFileReference; lastKnownFileType = text.plist.xml; path = Info.plist; sourceTree = "<group>"; };
		0466374027CD502B003D5738 /* HomeViewController.swift */ = {isa = PBXFileReference; lastKnownFileType = sourcecode.swift; path = HomeViewController.swift; sourceTree = "<group>"; };
		0478029227CD7154006FA8EF /* MainViewController.swift */ = {isa = PBXFileReference; lastKnownFileType = sourcecode.swift; path = MainViewController.swift; sourceTree = "<group>"; };
		0478029627CD7BD6006FA8EF /* SearchViewController.swift */ = {isa = PBXFileReference; lastKnownFileType = sourcecode.swift; path = SearchViewController.swift; sourceTree = "<group>"; };
		0478029827CD7BE1006FA8EF /* InfoViewController.swift */ = {isa = PBXFileReference; lastKnownFileType = sourcecode.swift; path = InfoViewController.swift; sourceTree = "<group>"; };
		0478029E27CD8F22006FA8EF /* Movie.swift */ = {isa = PBXFileReference; lastKnownFileType = sourcecode.swift; path = Movie.swift; sourceTree = "<group>"; };
/* End PBXFileReference section */

/* Begin PBXFrameworksBuildPhase section */
		0466372627CD4F23003D5738 /* Frameworks */ = {
			isa = PBXFrameworksBuildPhase;
			buildActionMask = 2147483647;
			files = (
			);
			runOnlyForDeploymentPostprocessing = 0;
		};
/* End PBXFrameworksBuildPhase section */

/* Begin PBXGroup section */
		0466372027CD4F22003D5738 = {
			isa = PBXGroup;
			children = (
				0466372B27CD4F23003D5738 /* MoviePreviewApp */,
				0466372A27CD4F23003D5738 /* Products */,
			);
			sourceTree = "<group>";
		};
		0466372A27CD4F23003D5738 /* Products */ = {
			isa = PBXGroup;
			children = (
				0466372927CD4F23003D5738 /* MoviePreviewApp.app */,
			);
			name = Products;
			sourceTree = "<group>";
		};
		0466372B27CD4F23003D5738 /* MoviePreviewApp */ = {
			isa = PBXGroup;
			children = (
				0466372C27CD4F23003D5738 /* AppDelegate.swift */,
				0466372E27CD4F23003D5738 /* SceneDelegate.swift */,
				0466374027CD502B003D5738 /* HomeViewController.swift */,
				0478029E27CD8F22006FA8EF /* Movie.swift */,
				0478029B27CD7C01006FA8EF /* Main */,
				0478029C27CD7C14006FA8EF /* Search */,
				0478029D27CD7C1A006FA8EF /* Info */,
				0466373527CD4F24003D5738 /* Assets.xcassets */,
				0466373727CD4F24003D5738 /* LaunchScreen.storyboard */,
				0466373A27CD4F24003D5738 /* Info.plist */,
			);
			path = MoviePreviewApp;
			sourceTree = "<group>";
		};
		0478029B27CD7C01006FA8EF /* Main */ = {
			isa = PBXGroup;
			children = (
				0478029227CD7154006FA8EF /* MainViewController.swift */,
			);
			path = Main;
			sourceTree = "<group>";
		};
		0478029C27CD7C14006FA8EF /* Search */ = {
			isa = PBXGroup;
			children = (
				0478029627CD7BD6006FA8EF /* SearchViewController.swift */,
			);
			path = Search;
			sourceTree = "<group>";
		};
		0478029D27CD7C1A006FA8EF /* Info */ = {
			isa = PBXGroup;
			children = (
				0478029827CD7BE1006FA8EF /* InfoViewController.swift */,
			);
			path = Info;
			sourceTree = "<group>";
		};
/* End PBXGroup section */

/* Begin PBXNativeTarget section */
		0466372827CD4F23003D5738 /* MoviePreviewApp */ = {
			isa = PBXNativeTarget;
			buildConfigurationList = 0466373D27CD4F24003D5738 /* Build configuration list for PBXNativeTarget "MoviePreviewApp" */;
			buildPhases = (
				0466372527CD4F23003D5738 /* Sources */,
				0466372627CD4F23003D5738 /* Frameworks */,
				0466372727CD4F23003D5738 /* Resources */,
			);
			buildRules = (
			);
			dependencies = (
			);
			name = MoviePreviewApp;
			productName = MoviePreviewApp;
			productReference = 0466372927CD4F23003D5738 /* MoviePreviewApp.app */;
			productType = "com.apple.product-type.application";
		};
/* End PBXNativeTarget section */

/* Begin PBXProject section */
		0466372127CD4F22003D5738 /* Project object */ = {
			isa = PBXProject;
			attributes = {
				BuildIndependentTargetsInParallel = 1;
				LastSwiftUpdateCheck = 1320;
				LastUpgradeCheck = 1320;
				TargetAttributes = {
					0466372827CD4F23003D5738 = {
						CreatedOnToolsVersion = 13.2.1;
					};
				};
			};
			buildConfigurationList = 0466372427CD4F22003D5738 /* Build configuration list for PBXProject "MoviePreviewApp" */;
			compatibilityVersion = "Xcode 13.0";
			developmentRegion = en;
			hasScannedForEncodings = 0;
			knownRegions = (
				en,
				Base,
			);
			mainGroup = 0466372027CD4F22003D5738;
			productRefGroup = 0466372A27CD4F23003D5738 /* Products */;
			projectDirPath = "";
			projectRoot = "";
			targets = (
				0466372827CD4F23003D5738 /* MoviePreviewApp */,
			);
		};
/* End PBXProject section */

/* Begin PBXResourcesBuildPhase section */
		0466372727CD4F23003D5738 /* Resources */ = {
			isa = PBXResourcesBuildPhase;
			buildActionMask = 2147483647;
			files = (
				0466373927CD4F24003D5738 /* LaunchScreen.storyboard in Resources */,
				0466373627CD4F24003D5738 /* Assets.xcassets in Resources */,
			);
			runOnlyForDeploymentPostprocessing = 0;
		};
/* End PBXResourcesBuildPhase section */

/* Begin PBXSourcesBuildPhase section */
		0466372527CD4F23003D5738 /* Sources */ = {
			isa = PBXSourcesBuildPhase;
			buildActionMask = 2147483647;
			files = (
				0478029F27CD8F22006FA8EF /* Movie.swift in Sources */,
				0478029727CD7BD6006FA8EF /* SearchViewController.swift in Sources */,
				0466372D27CD4F23003D5738 /* AppDelegate.swift in Sources */,
				0466372F27CD4F23003D5738 /* SceneDelegate.swift in Sources */,
				0466374127CD502B003D5738 /* HomeViewController.swift in Sources */,
				0478029927CD7BE1006FA8EF /* InfoViewController.swift in Sources */,
				0478029327CD7154006FA8EF /* MainViewController.swift in Sources */,
			);
			runOnlyForDeploymentPostprocessing = 0;
		};
/* End PBXSourcesBuildPhase section */

/* Begin PBXVariantGroup section */
		0466373727CD4F24003D5738 /* LaunchScreen.storyboard */ = {
			isa = PBXVariantGroup;
			children = (
				0466373827CD4F24003D5738 /* Base */,
			);
			name = LaunchScreen.storyboard;
			sourceTree = "<group>";
		};
/* End PBXVariantGroup section */

/* Begin XCBuildConfiguration section */
		0466373B27CD4F24003D5738 /* Debug */ = {
			isa = XCBuildConfiguration;
			buildSettings = {
				ALWAYS_SEARCH_USER_PATHS = NO;
				CLANG_ANALYZER_NONNULL = YES;
				CLANG_ANALYZER_NUMBER_OBJECT_CONVERSION = YES_AGGRESSIVE;
				CLANG_CXX_LANGUAGE_STANDARD = "gnu++17";
				CLANG_CXX_LIBRARY = "libc++";
				CLANG_ENABLE_MODULES = YES;
				CLANG_ENABLE_OBJC_ARC = YES;
				CLANG_ENABLE_OBJC_WEAK = YES;
				CLANG_WARN_BLOCK_CAPTURE_AUTORELEASING = YES;
				CLANG_WARN_BOOL_CONVERSION = YES;
				CLANG_WARN_COMMA = YES;
				CLANG_WARN_CONSTANT_CONVERSION = YES;
				CLANG_WARN_DEPRECATED_OBJC_IMPLEMENTATIONS = YES;
				CLANG_WARN_DIRECT_OBJC_ISA_USAGE = YES_ERROR;
				CLANG_WARN_DOCUMENTATION_COMMENTS = YES;
				CLANG_WARN_EMPTY_BODY = YES;
				CLANG_WARN_ENUM_CONVERSION = YES;
				CLANG_WARN_INFINITE_RECURSION = YES;
				CLANG_WARN_INT_CONVERSION = YES;
				CLANG_WARN_NON_LITERAL_NULL_CONVERSION = YES;
				CLANG_WARN_OBJC_IMPLICIT_RETAIN_SELF = YES;
				CLANG_WARN_OBJC_LITERAL_CONVERSION = YES;
				CLANG_WARN_OBJC_ROOT_CLASS = YES_ERROR;
				CLANG_WARN_QUOTED_INCLUDE_IN_FRAMEWORK_HEADER = YES;
				CLANG_WARN_RANGE_LOOP_ANALYSIS = YES;
				CLANG_WARN_STRICT_PROTOTYPES = YES;
				CLANG_WARN_SUSPICIOUS_MOVE = YES;
				CLANG_WARN_UNGUARDED_AVAILABILITY = YES_AGGRESSIVE;
				CLANG_WARN_UNREACHABLE_CODE = YES;
				CLANG_WARN__DUPLICATE_METHOD_MATCH = YES;
				COPY_PHASE_STRIP = NO;
				DEBUG_INFORMATION_FORMAT = dwarf;
				ENABLE_STRICT_OBJC_MSGSEND = YES;
				ENABLE_TESTABILITY = YES;
				GCC_C_LANGUAGE_STANDARD = gnu11;
				GCC_DYNAMIC_NO_PIC = NO;
				GCC_NO_COMMON_BLOCKS = YES;
				GCC_OPTIMIZATION_LEVEL = 0;
				GCC_PREPROCESSOR_DEFINITIONS = (
					"DEBUG=1",
					"$(inherited)",
				);
				GCC_WARN_64_TO_32_BIT_CONVERSION = YES;
				GCC_WARN_ABOUT_RETURN_TYPE = YES_ERROR;
				GCC_WARN_UNDECLARED_SELECTOR = YES;
				GCC_WARN_UNINITIALIZED_AUTOS = YES_AGGRESSIVE;
				GCC_WARN_UNUSED_FUNCTION = YES;
				GCC_WARN_UNUSED_VARIABLE = YES;
				IPHONEOS_DEPLOYMENT_TARGET = 15.2;
				MTL_ENABLE_DEBUG_INFO = INCLUDE_SOURCE;
				MTL_FAST_MATH = YES;
				ONLY_ACTIVE_ARCH = YES;
				SDKROOT = iphoneos;
				SWIFT_ACTIVE_COMPILATION_CONDITIONS = DEBUG;
				SWIFT_OPTIMIZATION_LEVEL = "-Onone";
			};
			name = Debug;
		};
		0466373C27CD4F24003D5738 /* Release */ = {
			isa = XCBuildConfiguration;
			buildSettings = {
				ALWAYS_SEARCH_USER_PATHS = NO;
				CLANG_ANALYZER_NONNULL = YES;
				CLANG_ANALYZER_NUMBER_OBJECT_CONVERSION = YES_AGGRESSIVE;
				CLANG_CXX_LANGUAGE_STANDARD = "gnu++17";
				CLANG_CXX_LIBRARY = "libc++";
				CLANG_ENABLE_MODULES = YES;
				CLANG_ENABLE_OBJC_ARC = YES;
				CLANG_ENABLE_OBJC_WEAK = YES;
				CLANG_WARN_BLOCK_CAPTURE_AUTORELEASING = YES;
				CLANG_WARN_BOOL_CONVERSION = YES;
				CLANG_WARN_COMMA = YES;
				CLANG_WARN_CONSTANT_CONVERSION = YES;
				CLANG_WARN_DEPRECATED_OBJC_IMPLEMENTATIONS = YES;
				CLANG_WARN_DIRECT_OBJC_ISA_USAGE = YES_ERROR;
				CLANG_WARN_DOCUMENTATION_COMMENTS = YES;
				CLANG_WARN_EMPTY_BODY = YES;
				CLANG_WARN_ENUM_CONVERSION = YES;
				CLANG_WARN_INFINITE_RECURSION = YES;
				CLANG_WARN_INT_CONVERSION = YES;
				CLANG_WARN_NON_LITERAL_NULL_CONVERSION = YES;
				CLANG_WARN_OBJC_IMPLICIT_RETAIN_SELF = YES;
				CLANG_WARN_OBJC_LITERAL_CONVERSION = YES;
				CLANG_WARN_OBJC_ROOT_CLASS = YES_ERROR;
				CLANG_WARN_QUOTED_INCLUDE_IN_FRAMEWORK_HEADER = YES;
				CLANG_WARN_RANGE_LOOP_ANALYSIS = YES;
				CLANG_WARN_STRICT_PROTOTYPES = YES;
				CLANG_WARN_SUSPICIOUS_MOVE = YES;
				CLANG_WARN_UNGUARDED_AVAILABILITY = YES_AGGRESSIVE;
				CLANG_WARN_UNREACHABLE_CODE = YES;
				CLANG_WARN__DUPLICATE_METHOD_MATCH = YES;
				COPY_PHASE_STRIP = NO;
				DEBUG_INFORMATION_FORMAT = "dwarf-with-dsym";
				ENABLE_NS_ASSERTIONS = NO;
				ENABLE_STRICT_OBJC_MSGSEND = YES;
				GCC_C_LANGUAGE_STANDARD = gnu11;
				GCC_NO_COMMON_BLOCKS = YES;
				GCC_WARN_64_TO_32_BIT_CONVERSION = YES;
				GCC_WARN_ABOUT_RETURN_TYPE = YES_ERROR;
				GCC_WARN_UNDECLARED_SELECTOR = YES;
				GCC_WARN_UNINITIALIZED_AUTOS = YES_AGGRESSIVE;
				GCC_WARN_UNUSED_FUNCTION = YES;
				GCC_WARN_UNUSED_VARIABLE = YES;
				IPHONEOS_DEPLOYMENT_TARGET = 15.2;
				MTL_ENABLE_DEBUG_INFO = NO;
				MTL_FAST_MATH = YES;
				SDKROOT = iphoneos;
				SWIFT_COMPILATION_MODE = wholemodule;
				SWIFT_OPTIMIZATION_LEVEL = "-O";
				VALIDATE_PRODUCT = YES;
			};
			name = Release;
		};
		0466373E27CD4F24003D5738 /* Debug */ = {
			isa = XCBuildConfiguration;
			buildSettings = {
				ASSETCATALOG_COMPILER_APPICON_NAME = AppIcon;
				ASSETCATALOG_COMPILER_GLOBAL_ACCENT_COLOR_NAME = AccentColor;
				CODE_SIGN_STYLE = Automatic;
				CURRENT_PROJECT_VERSION = 1;
				DEVELOPMENT_TEAM = A8PCCQAZN2;
				GENERATE_INFOPLIST_FILE = YES;
				INFOPLIST_FILE = MoviePreviewApp/Info.plist;
				INFOPLIST_KEY_NSMainNibFile = Main;
				INFOPLIST_KEY_UIApplicationSupportsIndirectInputEvents = YES;
				INFOPLIST_KEY_UILaunchStoryboardName = LaunchScreen;
				INFOPLIST_KEY_UISupportedInterfaceOrientations_iPad = "UIInterfaceOrientationPortrait UIInterfaceOrientationPortraitUpsideDown UIInterfaceOrientationLandscapeLeft UIInterfaceOrientationLandscapeRight";
				INFOPLIST_KEY_UISupportedInterfaceOrientations_iPhone = "UIInterfaceOrientationPortrait UIInterfaceOrientationLandscapeLeft UIInterfaceOrientationLandscapeRight";
				LD_RUNPATH_SEARCH_PATHS = (
					"$(inherited)",
					"@executable_path/Frameworks",
				);
				MARKETING_VERSION = 1.0;
				PRODUCT_BUNDLE_IDENTIFIER = com.zoa0945.MoviePreviewApp;
				PRODUCT_NAME = "$(TARGET_NAME)";
				SWIFT_EMIT_LOC_STRINGS = YES;
				SWIFT_VERSION = 5.0;
				TARGETED_DEVICE_FAMILY = "1,2";
			};
			name = Debug;
		};
		0466373F27CD4F24003D5738 /* Release */ = {
			isa = XCBuildConfiguration;
			buildSettings = {
				ASSETCATALOG_COMPILER_APPICON_NAME = AppIcon;
				ASSETCATALOG_COMPILER_GLOBAL_ACCENT_COLOR_NAME = AccentColor;
				CODE_SIGN_STYLE = Automatic;
				CURRENT_PROJECT_VERSION = 1;
				DEVELOPMENT_TEAM = A8PCCQAZN2;
				GENERATE_INFOPLIST_FILE = YES;
				INFOPLIST_FILE = MoviePreviewApp/Info.plist;
				INFOPLIST_KEY_NSMainNibFile = Main;
				INFOPLIST_KEY_UIApplicationSupportsIndirectInputEvents = YES;
				INFOPLIST_KEY_UILaunchStoryboardName = LaunchScreen;
				INFOPLIST_KEY_UISupportedInterfaceOrientations_iPad = "UIInterfaceOrientationPortrait UIInterfaceOrientationPortraitUpsideDown UIInterfaceOrientationLandscapeLeft UIInterfaceOrientationLandscapeRight";
				INFOPLIST_KEY_UISupportedInterfaceOrientations_iPhone = "UIInterfaceOrientationPortrait UIInterfaceOrientationLandscapeLeft UIInterfaceOrientationLandscapeRight";
				LD_RUNPATH_SEARCH_PATHS = (
					"$(inherited)",
					"@executable_path/Frameworks",
				);
				MARKETING_VERSION = 1.0;
				PRODUCT_BUNDLE_IDENTIFIER = com.zoa0945.MoviePreviewApp;
				PRODUCT_NAME = "$(TARGET_NAME)";
				SWIFT_EMIT_LOC_STRINGS = YES;
				SWIFT_VERSION = 5.0;
				TARGETED_DEVICE_FAMILY = "1,2";
			};
			name = Release;
		};
/* End XCBuildConfiguration section */

/* Begin XCConfigurationList section */
		0466372427CD4F22003D5738 /* Build configuration list for PBXProject "MoviePreviewApp" */ = {
			isa = XCConfigurationList;
			buildConfigurations = (
				0466373B27CD4F24003D5738 /* Debug */,
				0466373C27CD4F24003D5738 /* Release */,
			);
			defaultConfigurationIsVisible = 0;
			defaultConfigurationName = Release;
		};
		0466373D27CD4F24003D5738 /* Build configuration list for PBXNativeTarget "MoviePreviewApp" */ = {
			isa = XCConfigurationList;
			buildConfigurations = (
				0466373E27CD4F24003D5738 /* Debug */,
				0466373F27CD4F24003D5738 /* Release */,
			);
			defaultConfigurationIsVisible = 0;
			defaultConfigurationName = Release;
		};
/* End XCConfigurationList section */
	};
	rootObject = 0466372127CD4F22003D5738 /* Project object */;
}
